
Microsoft Visual Studio Solution File, Format Version 12.00
Project("{FAE04EC0-301F-11D3-BF4B-00C04F79EFBC}") = "Lilikoi", "Lilikoi\Lilikoi.csproj", "{629B4EEE-7199-4931-ADD2-E2122B0123D4}"
EndProject
Project("{FAE04EC0-301F-11D3-BF4B-00C04F79EFBC}") = "Lilikoi.Tests", "Lilikoi.Tests\Lilikoi.Tests.csproj", "{D925FF7A-334A-46BC-A55D-837F70D6403B}"
EndProject
Project("{FAE04EC0-301F-11D3-BF4B-00C04F79EFBC}") = "Lilikoi.Benchmarks", "Lilikoi.Benchmarks\Lilikoi.Benchmarks.csproj", "{4DC59046-57CE-476F-9456-F2279AC08A28}"
EndProject
Project("{2150E333-8FDC-42A3-9474-1A3956D46DE8}") = "Packages", "Packages", "{FB17EF84-9208-47AC-921F-680CB1DAD8BA}"
EndProject
Global
	GlobalSection(SolutionConfigurationPlatforms) = preSolution
		Debug|Any CPU = Debug|Any CPU
		Release|Any CPU = Release|Any CPU
	EndGlobalSection
	GlobalSection(ProjectConfigurationPlatforms) = postSolution
		{629B4EEE-7199-4931-ADD2-E2122B0123D4}.Debug|Any CPU.ActiveCfg = Debug|Any CPU
		{629B4EEE-7199-4931-ADD2-E2122B0123D4}.Debug|Any CPU.Build.0 = Debug|Any CPU
		{629B4EEE-7199-4931-ADD2-E2122B0123D4}.Release|Any CPU.ActiveCfg = Release|Any CPU
		{629B4EEE-7199-4931-ADD2-E2122B0123D4}.Release|Any CPU.Build.0 = Release|Any CPU
		{D925FF7A-334A-46BC-A55D-837F70D6403B}.Debug|Any CPU.ActiveCfg = Debug|Any CPU
		{D925FF7A-334A-46BC-A55D-837F70D6403B}.Debug|Any CPU.Build.0 = Debug|Any CPU
		{D925FF7A-334A-46BC-A55D-837F70D6403B}.Release|Any CPU.ActiveCfg = Release|Any CPU
		{D925FF7A-334A-46BC-A55D-837F70D6403B}.Release|Any CPU.Build.0 = Release|Any CPU
		{4DC59046-57CE-476F-9456-F2279AC08A28}.Debug|Any CPU.ActiveCfg = Debug|Any CPU
		{4DC59046-57CE-476F-9456-F2279AC08A28}.Debug|Any CPU.Build.0 = Debug|Any CPU
		{4DC59046-57CE-476F-9456-F2279AC08A28}.Release|Any CPU.ActiveCfg = Release|Any CPU
		{4DC59046-57CE-476F-9456-F2279AC08A28}.Release|Any CPU.Build.0 = Release|Any CPU
		{003695D7-1967-43DD-A80C-AE41080AB224}.Debug|Any CPU.ActiveCfg = Debug|Any CPU
		{003695D7-1967-43DD-A80C-AE41080AB224}.Debug|Any CPU.Build.0 = Debug|Any CPU
		{003695D7-1967-43DD-A80C-AE41080AB224}.Release|Any CPU.ActiveCfg = Release|Any CPU
		{003695D7-1967-43DD-A80C-AE41080AB224}.Release|Any CPU.Build.0 = Release|Any CPU
	EndGlobalSection
EndGlobal
